
Microsoft Visual Studio Solution File, Format Version 11.00
# Visual Studio 2010
Project("{F184B08F-C81C-45F6-A57F-5ABD9991F28F}") = "AE_GetzSAPSV01", "AE_GetzSAPSV01\AE_GetzSAPSV01.vbproj", "{180A6870-995F-4D8B-B388-090B572023AA}"
EndProject
Global
	GlobalSection(SolutionConfigurationPlatforms) = preSolution
		Debug|x86 = Debug|x86
		Release|x86 = Release|x86
	EndGlobalSection
	GlobalSection(ProjectConfigurationPlatforms) = postSolution
		{180A6870-995F-4D8B-B388-090B572023AA}.Debug|x86.ActiveCfg = Debug|x86
		{180A6870-995F-4D8B-B388-090B572023AA}.Debug|x86.Build.0 = Debug|x86
		{180A6870-995F-4D8B-B388-090B572023AA}.Release|x86.ActiveCfg = Release|x86
		{180A6870-995F-4D8B-B388-090B572023AA}.Release|x86.Build.0 = Release|x86
	EndGlobalSection
	GlobalSection(SolutionProperties) = preSolution
		HideSolutionNode = FALSE
	EndGlobalSection
EndGlobal
